
Microsoft Visual Studio Solution File, Format Version 12.00
# Visual Studio 15
VisualStudioVersion = 15.0.27004.2002
MinimumVisualStudioVersion = 10.0.40219.1
Project("{FAE04EC0-301F-11D3-BF4B-00C04F79EFBC}") = "CMiX.Studio", "CMiX_UserControl\CMiX.Studio.csproj", "{53DC5124-81FA-4A26-88B4-26D755A6267F}"
EndProject
Project("{FAE04EC0-301F-11D3-BF4B-00C04F79EFBC}") = "ColorPicker", "ColorPicker\ColorPicker.csproj", "{89B6207C-9C60-4C00-8F0E-36854692B65B}"
EndProject
Project("{FAE04EC0-301F-11D3-BF4B-00C04F79EFBC}") = "CMiX.Player", "CMiXPlayer\CMiX.Player.csproj", "{1B0D9C73-3235-4676-A8C2-E1C7273BB575}"
EndProject
Project("{FAE04EC0-301F-11D3-BF4B-00C04F79EFBC}") = "CMiX.MVVM", "CMiX_MVVM\CMiX.MVVM.csproj", "{B49435EF-EF33-47B4-A92D-267566DB96D8}"
EndProject
Project("{FAE04EC0-301F-11D3-BF4B-00C04F79EFBC}") = "CMiX.Engine", "CMiX.Engine\CMiX.Engine.csproj", "{AD0B09DC-C08D-4402-9927-FAD2B5E444B8}"
EndProject
Project("{FAE04EC0-301F-11D3-BF4B-00C04F79EFBC}") = "CMiX.Engine.Testing", "CMiX.Engine.Testing\CMiX.Engine.Testing.csproj", "{A56DBBDE-9DBC-4468-8B07-8B94427FC3A7}"
EndProject
Global
	GlobalSection(SolutionConfigurationPlatforms) = preSolution
		Debug|Any CPU = Debug|Any CPU
		Debug|x64 = Debug|x64
		Debug|x86 = Debug|x86
		Release|Any CPU = Release|Any CPU
		Release|x64 = Release|x64
		Release|x86 = Release|x86
	EndGlobalSection
	GlobalSection(ProjectConfigurationPlatforms) = postSolution
		{53DC5124-81FA-4A26-88B4-26D755A6267F}.Debug|Any CPU.ActiveCfg = Debug|Any CPU
		{53DC5124-81FA-4A26-88B4-26D755A6267F}.Debug|Any CPU.Build.0 = Debug|Any CPU
		{53DC5124-81FA-4A26-88B4-26D755A6267F}.Debug|x64.ActiveCfg = Debug|x64
		{53DC5124-81FA-4A26-88B4-26D755A6267F}.Debug|x64.Build.0 = Debug|x64
		{53DC5124-81FA-4A26-88B4-26D755A6267F}.Debug|x86.ActiveCfg = Debug|Any CPU
		{53DC5124-81FA-4A26-88B4-26D755A6267F}.Debug|x86.Build.0 = Debug|Any CPU
		{53DC5124-81FA-4A26-88B4-26D755A6267F}.Release|Any CPU.ActiveCfg = Release|Any CPU
		{53DC5124-81FA-4A26-88B4-26D755A6267F}.Release|Any CPU.Build.0 = Release|Any CPU
		{53DC5124-81FA-4A26-88B4-26D755A6267F}.Release|x64.ActiveCfg = Release|x64
		{53DC5124-81FA-4A26-88B4-26D755A6267F}.Release|x64.Build.0 = Release|x64
		{53DC5124-81FA-4A26-88B4-26D755A6267F}.Release|x86.ActiveCfg = Release|Any CPU
		{53DC5124-81FA-4A26-88B4-26D755A6267F}.Release|x86.Build.0 = Release|Any CPU
		{89B6207C-9C60-4C00-8F0E-36854692B65B}.Debug|Any CPU.ActiveCfg = Debug|Any CPU
		{89B6207C-9C60-4C00-8F0E-36854692B65B}.Debug|Any CPU.Build.0 = Debug|Any CPU
		{89B6207C-9C60-4C00-8F0E-36854692B65B}.Debug|x64.ActiveCfg = Debug|x64
		{89B6207C-9C60-4C00-8F0E-36854692B65B}.Debug|x64.Build.0 = Debug|x64
		{89B6207C-9C60-4C00-8F0E-36854692B65B}.Debug|x86.ActiveCfg = Debug|Any CPU
		{89B6207C-9C60-4C00-8F0E-36854692B65B}.Debug|x86.Build.0 = Debug|Any CPU
		{89B6207C-9C60-4C00-8F0E-36854692B65B}.Release|Any CPU.ActiveCfg = Release|Any CPU
		{89B6207C-9C60-4C00-8F0E-36854692B65B}.Release|Any CPU.Build.0 = Release|Any CPU
		{89B6207C-9C60-4C00-8F0E-36854692B65B}.Release|x64.ActiveCfg = Release|x64
		{89B6207C-9C60-4C00-8F0E-36854692B65B}.Release|x64.Build.0 = Release|x64
		{89B6207C-9C60-4C00-8F0E-36854692B65B}.Release|x86.ActiveCfg = Release|Any CPU
		{89B6207C-9C60-4C00-8F0E-36854692B65B}.Release|x86.Build.0 = Release|Any CPU
		{1B0D9C73-3235-4676-A8C2-E1C7273BB575}.Debug|Any CPU.ActiveCfg = Debug|Any CPU
		{1B0D9C73-3235-4676-A8C2-E1C7273BB575}.Debug|Any CPU.Build.0 = Debug|Any CPU
		{1B0D9C73-3235-4676-A8C2-E1C7273BB575}.Debug|x64.ActiveCfg = Debug|Any CPU
		{1B0D9C73-3235-4676-A8C2-E1C7273BB575}.Debug|x64.Build.0 = Debug|Any CPU
		{1B0D9C73-3235-4676-A8C2-E1C7273BB575}.Debug|x86.ActiveCfg = Debug|Any CPU
		{1B0D9C73-3235-4676-A8C2-E1C7273BB575}.Debug|x86.Build.0 = Debug|Any CPU
		{1B0D9C73-3235-4676-A8C2-E1C7273BB575}.Release|Any CPU.ActiveCfg = Release|Any CPU
		{1B0D9C73-3235-4676-A8C2-E1C7273BB575}.Release|Any CPU.Build.0 = Release|Any CPU
		{1B0D9C73-3235-4676-A8C2-E1C7273BB575}.Release|x64.ActiveCfg = Release|Any CPU
		{1B0D9C73-3235-4676-A8C2-E1C7273BB575}.Release|x64.Build.0 = Release|Any CPU
		{1B0D9C73-3235-4676-A8C2-E1C7273BB575}.Release|x86.ActiveCfg = Release|Any CPU
		{1B0D9C73-3235-4676-A8C2-E1C7273BB575}.Release|x86.Build.0 = Release|Any CPU
		{B49435EF-EF33-47B4-A92D-267566DB96D8}.Debug|Any CPU.ActiveCfg = Debug|Any CPU
		{B49435EF-EF33-47B4-A92D-267566DB96D8}.Debug|Any CPU.Build.0 = Debug|Any CPU
		{B49435EF-EF33-47B4-A92D-267566DB96D8}.Debug|x64.ActiveCfg = Debug|Any CPU
		{B49435EF-EF33-47B4-A92D-267566DB96D8}.Debug|x64.Build.0 = Debug|Any CPU
		{B49435EF-EF33-47B4-A92D-267566DB96D8}.Debug|x86.ActiveCfg = Debug|Any CPU
		{B49435EF-EF33-47B4-A92D-267566DB96D8}.Debug|x86.Build.0 = Debug|Any CPU
		{B49435EF-EF33-47B4-A92D-267566DB96D8}.Release|Any CPU.ActiveCfg = Release|Any CPU
		{B49435EF-EF33-47B4-A92D-267566DB96D8}.Release|Any CPU.Build.0 = Release|Any CPU
		{B49435EF-EF33-47B4-A92D-267566DB96D8}.Release|x64.ActiveCfg = Release|Any CPU
		{B49435EF-EF33-47B4-A92D-267566DB96D8}.Release|x64.Build.0 = Release|Any CPU
		{B49435EF-EF33-47B4-A92D-267566DB96D8}.Release|x86.ActiveCfg = Release|Any CPU
		{B49435EF-EF33-47B4-A92D-267566DB96D8}.Release|x86.Build.0 = Release|Any CPU
		{AD0B09DC-C08D-4402-9927-FAD2B5E444B8}.Debug|Any CPU.ActiveCfg = Debug|Any CPU
		{AD0B09DC-C08D-4402-9927-FAD2B5E444B8}.Debug|Any CPU.Build.0 = Debug|Any CPU
		{AD0B09DC-C08D-4402-9927-FAD2B5E444B8}.Debug|x64.ActiveCfg = Debug|Any CPU
		{AD0B09DC-C08D-4402-9927-FAD2B5E444B8}.Debug|x64.Build.0 = Debug|Any CPU
		{AD0B09DC-C08D-4402-9927-FAD2B5E444B8}.Debug|x86.ActiveCfg = Debug|Any CPU
		{AD0B09DC-C08D-4402-9927-FAD2B5E444B8}.Debug|x86.Build.0 = Debug|Any CPU
		{AD0B09DC-C08D-4402-9927-FAD2B5E444B8}.Release|Any CPU.ActiveCfg = Release|Any CPU
		{AD0B09DC-C08D-4402-9927-FAD2B5E444B8}.Release|Any CPU.Build.0 = Release|Any CPU
		{AD0B09DC-C08D-4402-9927-FAD2B5E444B8}.Release|x64.ActiveCfg = Release|Any CPU
		{AD0B09DC-C08D-4402-9927-FAD2B5E444B8}.Release|x64.Build.0 = Release|Any CPU
		{AD0B09DC-C08D-4402-9927-FAD2B5E444B8}.Release|x86.ActiveCfg = Release|Any CPU
		{AD0B09DC-C08D-4402-9927-FAD2B5E444B8}.Release|x86.Build.0 = Release|Any CPU
		{A56DBBDE-9DBC-4468-8B07-8B94427FC3A7}.Debug|Any CPU.ActiveCfg = Debug|Any CPU
		{A56DBBDE-9DBC-4468-8B07-8B94427FC3A7}.Debug|Any CPU.Build.0 = Debug|Any CPU
		{A56DBBDE-9DBC-4468-8B07-8B94427FC3A7}.Debug|x64.ActiveCfg = Debug|Any CPU
		{A56DBBDE-9DBC-4468-8B07-8B94427FC3A7}.Debug|x64.Build.0 = Debug|Any CPU
		{A56DBBDE-9DBC-4468-8B07-8B94427FC3A7}.Debug|x86.ActiveCfg = Debug|Any CPU
		{A56DBBDE-9DBC-4468-8B07-8B94427FC3A7}.Debug|x86.Build.0 = Debug|Any CPU
		{A56DBBDE-9DBC-4468-8B07-8B94427FC3A7}.Release|Any CPU.ActiveCfg = Release|Any CPU
		{A56DBBDE-9DBC-4468-8B07-8B94427FC3A7}.Release|Any CPU.Build.0 = Release|Any CPU
		{A56DBBDE-9DBC-4468-8B07-8B94427FC3A7}.Release|x64.ActiveCfg = Release|Any CPU
		{A56DBBDE-9DBC-4468-8B07-8B94427FC3A7}.Release|x64.Build.0 = Release|Any CPU
		{A56DBBDE-9DBC-4468-8B07-8B94427FC3A7}.Release|x86.ActiveCfg = Release|Any CPU
		{A56DBBDE-9DBC-4468-8B07-8B94427FC3A7}.Release|x86.Build.0 = Release|Any CPU
	EndGlobalSection
	GlobalSection(SolutionProperties) = preSolution
		HideSolutionNode = FALSE
	EndGlobalSection
	GlobalSection(ExtensibilityGlobals) = postSolution
		SolutionGuid = {04C6F29D-37C2-4673-9EBB-5279841F96C3}
	EndGlobalSection
EndGlobal
